
Microsoft Visual Studio Solution File, Format Version 12.00
# Visual Studio Version 16
VisualStudioVersion = 16.0.29519.87
MinimumVisualStudioVersion = 10.0.40219.1
Project("{FAE04EC0-301F-11D3-BF4B-00C04F79EFBC}") = "WebHookApp.Web", "WebHookApp.Web\WebHookApp.Web.csproj", "{7DD0C539-2AAF-4072-B63F-0894E8234DCA}"
EndProject
Global
	GlobalSection(SolutionConfigurationPlatforms) = preSolution
		Debug|Any CPU = Debug|Any CPU
		Release|Any CPU = Release|Any CPU
	EndGlobalSection
	GlobalSection(ProjectConfigurationPlatforms) = postSolution
		{7DD0C539-2AAF-4072-B63F-0894E8234DCA}.Debug|Any CPU.ActiveCfg = Debug|Any CPU
		{7DD0C539-2AAF-4072-B63F-0894E8234DCA}.Debug|Any CPU.Build.0 = Debug|Any CPU
		{7DD0C539-2AAF-4072-B63F-0894E8234DCA}.Release|Any CPU.ActiveCfg = Release|Any CPU
		{7DD0C539-2AAF-4072-B63F-0894E8234DCA}.Release|Any CPU.Build.0 = Release|Any CPU
	EndGlobalSection
	GlobalSection(SolutionProperties) = preSolution
		HideSolutionNode = FALSE
	EndGlobalSection
	GlobalSection(ExtensibilityGlobals) = postSolution
		SolutionGuid = {6CACF467-1032-44C8-AC06-2CF2555F7AF0}
	EndGlobalSection
EndGlobal
